
Microsoft Visual Studio Solution File, Format Version 12.00
# Visual Studio Version 17
VisualStudioVersion = 17.1.32210.238
MinimumVisualStudioVersion = 10.0.40219.1
Project("{FAE04EC0-301F-11D3-BF4B-00C04F79EFBC}") = "BlazorApp1.Server", "BlazorApp1\Server\BlazorApp1.Server.csproj", "{BE37202B-FEBC-4C7F-B6C6-A1FA415C69C2}"
EndProject
Project("{FAE04EC0-301F-11D3-BF4B-00C04F79EFBC}") = "BlazorApp1.Client", "BlazorApp1\Client\BlazorApp1.Client.csproj", "{504B9595-122B-4140-B1F8-C49DF07C6EC7}"
EndProject
Project("{FAE04EC0-301F-11D3-BF4B-00C04F79EFBC}") = "BlazorApp1.Shared", "BlazorApp1\Shared\BlazorApp1.Shared.csproj", "{1212F7EA-3DB9-4D74-BC4C-AC75E2D1F44A}"
EndProject
Global
	GlobalSection(SolutionConfigurationPlatforms) = preSolution
		Debug|Any CPU = Debug|Any CPU
		Release|Any CPU = Release|Any CPU
	EndGlobalSection
	GlobalSection(ProjectConfigurationPlatforms) = postSolution
		{BE37202B-FEBC-4C7F-B6C6-A1FA415C69C2}.Debug|Any CPU.ActiveCfg = Debug|Any CPU
		{BE37202B-FEBC-4C7F-B6C6-A1FA415C69C2}.Debug|Any CPU.Build.0 = Debug|Any CPU
		{BE37202B-FEBC-4C7F-B6C6-A1FA415C69C2}.Release|Any CPU.ActiveCfg = Release|Any CPU
		{BE37202B-FEBC-4C7F-B6C6-A1FA415C69C2}.Release|Any CPU.Build.0 = Release|Any CPU
		{504B9595-122B-4140-B1F8-C49DF07C6EC7}.Debug|Any CPU.ActiveCfg = Debug|Any CPU
		{504B9595-122B-4140-B1F8-C49DF07C6EC7}.Debug|Any CPU.Build.0 = Debug|Any CPU
		{504B9595-122B-4140-B1F8-C49DF07C6EC7}.Release|Any CPU.ActiveCfg = Release|Any CPU
		{504B9595-122B-4140-B1F8-C49DF07C6EC7}.Release|Any CPU.Build.0 = Release|Any CPU
		{1212F7EA-3DB9-4D74-BC4C-AC75E2D1F44A}.Debug|Any CPU.ActiveCfg = Debug|Any CPU
		{1212F7EA-3DB9-4D74-BC4C-AC75E2D1F44A}.Debug|Any CPU.Build.0 = Debug|Any CPU
		{1212F7EA-3DB9-4D74-BC4C-AC75E2D1F44A}.Release|Any CPU.ActiveCfg = Release|Any CPU
		{1212F7EA-3DB9-4D74-BC4C-AC75E2D1F44A}.Release|Any CPU.Build.0 = Release|Any CPU
	EndGlobalSection
	GlobalSection(SolutionProperties) = preSolution
		HideSolutionNode = FALSE
	EndGlobalSection
	GlobalSection(ExtensibilityGlobals) = postSolution
		SolutionGuid = {C9CCE5EE-F516-45B4-A1FD-0EEE701E8CBB}
	EndGlobalSection
EndGlobal
